
Microsoft Visual Studio Solution File, Format Version 12.00
# Visual Studio Version 16
VisualStudioVersion = 16.0.29609.76
MinimumVisualStudioVersion = 10.0.40219.1
Project("{FAE04EC0-301F-11D3-BF4B-00C04F79EFBC}") = "ConsoleFormatting", "ConsoleFormatting\ConsoleFormatting.csproj", "{5833B63B-072D-40CF-92DF-5E779BFB80C7}"
EndProject
Project("{FAE04EC0-301F-11D3-BF4B-00C04F79EFBC}") = "HomeworkTwo", "HomeworkTwo\HomeworkTwo.csproj", "{864537F0-53DC-4FE6-9058-E8AFF2134483}"
EndProject
Project("{FAE04EC0-301F-11D3-BF4B-00C04F79EFBC}") = "ChristmasPresent", "ChristmasPresent\ChristmasPresent.csproj", "{8316EBC1-D3A8-43AC-8C37-676B7288B5F7}"
EndProject
Project("{FAE04EC0-301F-11D3-BF4B-00C04F79EFBC}") = "Calculator", "Calculator\Calculator.csproj", "{C89A0A2F-CE85-4154-8C57-1C9BBCE7D9A7}"
EndProject
Project("{FAE04EC0-301F-11D3-BF4B-00C04F79EFBC}") = "GCDCalculation", "GCDCalculation\GCDCalculation.csproj", "{139D530F-B454-474E-B55E-785CB5D3E064}"
EndProject
Project("{2150E333-8FDC-42A3-9474-1A3956D46DE8}") = "Old", "Old", "{B6E27141-4C16-4B80-A1D0-825753B5E2BD}"
EndProject
Global
	GlobalSection(SolutionConfigurationPlatforms) = preSolution
		Debug|Any CPU = Debug|Any CPU
		Release|Any CPU = Release|Any CPU
	EndGlobalSection
	GlobalSection(ProjectConfigurationPlatforms) = postSolution
		{5833B63B-072D-40CF-92DF-5E779BFB80C7}.Debug|Any CPU.ActiveCfg = Debug|Any CPU
		{5833B63B-072D-40CF-92DF-5E779BFB80C7}.Debug|Any CPU.Build.0 = Debug|Any CPU
		{5833B63B-072D-40CF-92DF-5E779BFB80C7}.Release|Any CPU.ActiveCfg = Release|Any CPU
		{5833B63B-072D-40CF-92DF-5E779BFB80C7}.Release|Any CPU.Build.0 = Release|Any CPU
		{864537F0-53DC-4FE6-9058-E8AFF2134483}.Debug|Any CPU.ActiveCfg = Debug|Any CPU
		{864537F0-53DC-4FE6-9058-E8AFF2134483}.Debug|Any CPU.Build.0 = Debug|Any CPU
		{864537F0-53DC-4FE6-9058-E8AFF2134483}.Release|Any CPU.ActiveCfg = Release|Any CPU
		{864537F0-53DC-4FE6-9058-E8AFF2134483}.Release|Any CPU.Build.0 = Release|Any CPU
		{8316EBC1-D3A8-43AC-8C37-676B7288B5F7}.Debug|Any CPU.ActiveCfg = Debug|Any CPU
		{8316EBC1-D3A8-43AC-8C37-676B7288B5F7}.Debug|Any CPU.Build.0 = Debug|Any CPU
		{8316EBC1-D3A8-43AC-8C37-676B7288B5F7}.Release|Any CPU.ActiveCfg = Release|Any CPU
		{8316EBC1-D3A8-43AC-8C37-676B7288B5F7}.Release|Any CPU.Build.0 = Release|Any CPU
		{C89A0A2F-CE85-4154-8C57-1C9BBCE7D9A7}.Debug|Any CPU.ActiveCfg = Debug|Any CPU
		{C89A0A2F-CE85-4154-8C57-1C9BBCE7D9A7}.Debug|Any CPU.Build.0 = Debug|Any CPU
		{C89A0A2F-CE85-4154-8C57-1C9BBCE7D9A7}.Release|Any CPU.ActiveCfg = Release|Any CPU
		{C89A0A2F-CE85-4154-8C57-1C9BBCE7D9A7}.Release|Any CPU.Build.0 = Release|Any CPU
		{139D530F-B454-474E-B55E-785CB5D3E064}.Debug|Any CPU.ActiveCfg = Debug|Any CPU
		{139D530F-B454-474E-B55E-785CB5D3E064}.Debug|Any CPU.Build.0 = Debug|Any CPU
		{139D530F-B454-474E-B55E-785CB5D3E064}.Release|Any CPU.ActiveCfg = Release|Any CPU
		{139D530F-B454-474E-B55E-785CB5D3E064}.Release|Any CPU.Build.0 = Release|Any CPU
	EndGlobalSection
	GlobalSection(SolutionProperties) = preSolution
		HideSolutionNode = FALSE
	EndGlobalSection
	GlobalSection(NestedProjects) = preSolution
		{5833B63B-072D-40CF-92DF-5E779BFB80C7} = {B6E27141-4C16-4B80-A1D0-825753B5E2BD}
		{864537F0-53DC-4FE6-9058-E8AFF2134483} = {B6E27141-4C16-4B80-A1D0-825753B5E2BD}
	EndGlobalSection
	GlobalSection(ExtensibilityGlobals) = postSolution
		SolutionGuid = {CD1793C6-70EE-4302-BBDD-C240D0C63560}
	EndGlobalSection
EndGlobal
